
Microsoft Visual Studio Solution File, Format Version 12.00
# Visual Studio Version 17
VisualStudioVersion = 17.12.35527.113 d17.12
MinimumVisualStudioVersion = 10.0.40219.1
Project("{F14B399A-7131-4C87-9E4B-1186C45EF12D}") = "Customer Satisfication Report", "Customer Satisfication Report.rptproj", "{41F80624-1348-483A-BE0C-0F19287EDCB9}"
EndProject
Global
	GlobalSection(SolutionConfigurationPlatforms) = preSolution
		Debug|Default = Debug|Default
		DebugLocal|Default = DebugLocal|Default
		Release|Default = Release|Default
	EndGlobalSection
	GlobalSection(ProjectConfigurationPlatforms) = postSolution
		{41F80624-1348-483A-BE0C-0F19287EDCB9}.Debug|Default.ActiveCfg = Debug
		{41F80624-1348-483A-BE0C-0F19287EDCB9}.Debug|Default.Build.0 = Debug
		{41F80624-1348-483A-BE0C-0F19287EDCB9}.Debug|Default.Deploy.0 = Debug
		{41F80624-1348-483A-BE0C-0F19287EDCB9}.DebugLocal|Default.ActiveCfg = DebugLocal
		{41F80624-1348-483A-BE0C-0F19287EDCB9}.DebugLocal|Default.Build.0 = DebugLocal
		{41F80624-1348-483A-BE0C-0F19287EDCB9}.Release|Default.ActiveCfg = Release
		{41F80624-1348-483A-BE0C-0F19287EDCB9}.Release|Default.Build.0 = Release
		{41F80624-1348-483A-BE0C-0F19287EDCB9}.Release|Default.Deploy.0 = Release
	EndGlobalSection
	GlobalSection(SolutionProperties) = preSolution
		HideSolutionNode = FALSE
	EndGlobalSection
EndGlobal
